// !$*UTF8*$!
{
	archiveVersion = 1;
	classes = {
	};
	objectVersion = 46;
	objects = {

/* Begin PBXBuildFile section */
		F4019F731CC680D7008E2414 /* Sandbox.h in Headers */ = {isa = PBXBuildFile; fileRef = F4019F721CC680D7008E2414 /* Sandbox.h */; settings = {ATTRIBUTES = (Public, ); }; };
		F4019F7B1CC680EB008E2414 /* Sandbox.swift in Sources */ = {isa = PBXBuildFile; fileRef = F4019F7A1CC680EB008E2414 /* Sandbox.swift */; };
		F4019F831CC6B842008E2414 /* Tests.swift in Sources */ = {isa = PBXBuildFile; fileRef = F4019F821CC6B842008E2414 /* Tests.swift */; };
		F4019F851CC6B842008E2414 /* Sandbox.framework in Frameworks */ = {isa = PBXBuildFile; fileRef = F4019F6F1CC680D7008E2414 /* Sandbox.framework */; };
/* End PBXBuildFile section */

/* Begin PBXContainerItemProxy section */
		F4019F861CC6B842008E2414 /* PBXContainerItemProxy */ = {
			isa = PBXContainerItemProxy;
			containerPortal = F4019F661CC680D6008E2414 /* Project object */;
			proxyType = 1;
			remoteGlobalIDString = F4019F6E1CC680D7008E2414;
			remoteInfo = Sandbox;
		};
/* End PBXContainerItemProxy section */

/* Begin PBXFileReference section */
		F4019F6F1CC680D7008E2414 /* Sandbox.framework */ = {isa = PBXFileReference; explicitFileType = wrapper.framework; includeInIndex = 0; path = Sandbox.framework; sourceTree = BUILT_PRODUCTS_DIR; };
		F4019F721CC680D7008E2414 /* Sandbox.h */ = {isa = PBXFileReference; lastKnownFileType = sourcecode.c.h; path = Sandbox.h; sourceTree = "<group>"; };
		F4019F741CC680D7008E2414 /* Info.plist */ = {isa = PBXFileReference; lastKnownFileType = text.plist.xml; path = Info.plist; sourceTree = "<group>"; };
		F4019F7A1CC680EB008E2414 /* Sandbox.swift */ = {isa = PBXFileReference; fileEncoding = 4; lastKnownFileType = sourcecode.swift; path = Sandbox.swift; sourceTree = "<group>"; };
		F4019F801CC6B842008E2414 /* Tests.xctest */ = {isa = PBXFileReference; explicitFileType = wrapper.cfbundle; includeInIndex = 0; path = Tests.xctest; sourceTree = BUILT_PRODUCTS_DIR; };
		F4019F821CC6B842008E2414 /* Tests.swift */ = {isa = PBXFileReference; lastKnownFileType = sourcecode.swift; path = Tests.swift; sourceTree = "<group>"; };
		F4019F841CC6B842008E2414 /* Info.plist */ = {isa = PBXFileReference; lastKnownFileType = text.plist.xml; path = Info.plist; sourceTree = "<group>"; };
/* End PBXFileReference section */

/* Begin PBXFrameworksBuildPhase section */
		F4019F6B1CC680D7008E2414 /* Frameworks */ = {
			isa = PBXFrameworksBuildPhase;
			buildActionMask = 2147483647;
			files = (
			);
			runOnlyForDeploymentPostprocessing = 0;
		};
		F4019F7D1CC6B842008E2414 /* Frameworks */ = {
			isa = PBXFrameworksBuildPhase;
			buildActionMask = 2147483647;
			files = (
				F4019F851CC6B842008E2414 /* Sandbox.framework in Frameworks */,
			);
			runOnlyForDeploymentPostprocessing = 0;
		};
/* End PBXFrameworksBuildPhase section */

/* Begin PBXGroup section */
		F4019F651CC680D6008E2414 = {
			isa = PBXGroup;
			children = (
				F4019F711CC680D7008E2414 /* Sandbox */,
				F4019F811CC6B842008E2414 /* Tests */,
				F4019F701CC680D7008E2414 /* Products */,
			);
			sourceTree = "<group>";
		};
		F4019F701CC680D7008E2414 /* Products */ = {
			isa = PBXGroup;
			children = (
				F4019F6F1CC680D7008E2414 /* Sandbox.framework */,
				F4019F801CC6B842008E2414 /* Tests.xctest */,
			);
			name = Products;
			sourceTree = "<group>";
		};
		F4019F711CC680D7008E2414 /* Sandbox */ = {
			isa = PBXGroup;
			children = (
				F4019F721CC680D7008E2414 /* Sandbox.h */,
				F4019F741CC680D7008E2414 /* Info.plist */,
				F4019F7A1CC680EB008E2414 /* Sandbox.swift */,
			);
			path = Sandbox;
			sourceTree = "<group>";
		};
		F4019F811CC6B842008E2414 /* Tests */ = {
			isa = PBXGroup;
			children = (
				F4019F821CC6B842008E2414 /* Tests.swift */,
				F4019F841CC6B842008E2414 /* Info.plist */,
			);
			path = Tests;
			sourceTree = "<group>";
		};
/* End PBXGroup section */

/* Begin PBXHeadersBuildPhase section */
		F4019F6C1CC680D7008E2414 /* Headers */ = {
			isa = PBXHeadersBuildPhase;
			buildActionMask = 2147483647;
			files = (
				F4019F731CC680D7008E2414 /* Sandbox.h in Headers */,
			);
			runOnlyForDeploymentPostprocessing = 0;
		};
/* End PBXHeadersBuildPhase section */

/* Begin PBXNativeTarget section */
		F4019F6E1CC680D7008E2414 /* Sandbox */ = {
			isa = PBXNativeTarget;
			buildConfigurationList = F4019F771CC680D7008E2414 /* Build configuration list for PBXNativeTarget "Sandbox" */;
			buildPhases = (
				F4019F6A1CC680D7008E2414 /* Sources */,
				F4019F6B1CC680D7008E2414 /* Frameworks */,
				F4019F6C1CC680D7008E2414 /* Headers */,
				F4019F6D1CC680D7008E2414 /* Resources */,
			);
			buildRules = (
			);
			dependencies = (
			);
			name = Sandbox;
			productName = Sandbox;
			productReference = F4019F6F1CC680D7008E2414 /* Sandbox.framework */;
			productType = "com.apple.product-type.framework";
		};
		F4019F7F1CC6B842008E2414 /* Tests */ = {
			isa = PBXNativeTarget;
			buildConfigurationList = F4019F881CC6B842008E2414 /* Build configuration list for PBXNativeTarget "Tests" */;
			buildPhases = (
				F4019F7C1CC6B842008E2414 /* Sources */,
				F4019F7D1CC6B842008E2414 /* Frameworks */,
				F4019F7E1CC6B842008E2414 /* Resources */,
			);
			buildRules = (
			);
			dependencies = (
				F4019F871CC6B842008E2414 /* PBXTargetDependency */,
			);
			name = Tests;
			productName = Tests;
			productReference = F4019F801CC6B842008E2414 /* Tests.xctest */;
			productType = "com.apple.product-type.bundle.unit-test";
		};
/* End PBXNativeTarget section */

/* Begin PBXProject section */
		F4019F661CC680D6008E2414 /* Project object */ = {
			isa = PBXProject;
			attributes = {
				LastSwiftUpdateCheck = 0730;
				LastUpgradeCheck = 0730;
				ORGANIZATIONNAME = "Matthew Yannascoli";
				TargetAttributes = {
					F4019F6E1CC680D7008E2414 = {
						CreatedOnToolsVersion = 7.3;
					};
					F4019F7F1CC6B842008E2414 = {
						CreatedOnToolsVersion = 7.3;
					};
				};
			};
			buildConfigurationList = F4019F691CC680D6008E2414 /* Build configuration list for PBXProject "Sandbox" */;
			compatibilityVersion = "Xcode 3.2";
			developmentRegion = English;
			hasScannedForEncodings = 0;
			knownRegions = (
				en,
			);
			mainGroup = F4019F651CC680D6008E2414;
			productRefGroup = F4019F701CC680D7008E2414 /* Products */;
			projectDirPath = "";
			projectRoot = "";
			targets = (
				F4019F6E1CC680D7008E2414 /* Sandbox */,
				F4019F7F1CC6B842008E2414 /* Tests */,
			);
		};
/* End PBXProject section */

/* Begin PBXResourcesBuildPhase section */
		F4019F6D1CC680D7008E2414 /* Resources */ = {
			isa = PBXResourcesBuildPhase;
			buildActionMask = 2147483647;
			files = (
			);
			runOnlyForDeploymentPostprocessing = 0;
		};
		F4019F7E1CC6B842008E2414 /* Resources */ = {
			isa = PBXResourcesBuildPhase;
			buildActionMask = 2147483647;
			files = (
			);
			runOnlyForDeploymentPostprocessing = 0;
		};
/* End PBXResourcesBuildPhase section */

/* Begin PBXSourcesBuildPhase section */
		F4019F6A1CC680D7008E2414 /* Sources */ = {
			isa = PBXSourcesBuildPhase;
			buildActionMask = 2147483647;
			files = (
				F4019F7B1CC680EB008E2414 /* Sandbox.swift in Sources */,
			);
			runOnlyForDeploymentPostprocessing = 0;
		};
		F4019F7C1CC6B842008E2414 /* Sources */ = {
			isa = PBXSourcesBuildPhase;
			buildActionMask = 2147483647;
			files = (
				F4019F831CC6B842008E2414 /* Tests.swift in Sources */,
			);
			runOnlyForDeploymentPostprocessing = 0;
		};
/* End PBXSourcesBuildPhase section */

/* Begin PBXTargetDependency section */
		F4019F871CC6B842008E2414 /* PBXTargetDependency */ = {
			isa = PBXTargetDependency;
			target = F4019F6E1CC680D7008E2414 /* Sandbox */;
			targetProxy = F4019F861CC6B842008E2414 /* PBXContainerItemProxy */;
		};
/* End PBXTargetDependency section */

/* Begin XCBuildConfiguration section */
		F4019F751CC680D7008E2414 /* Debug */ = {
			isa = XCBuildConfiguration;
			buildSettings = {
				ALWAYS_SEARCH_USER_PATHS = NO;
				CLANG_ANALYZER_NONNULL = YES;
				CLANG_CXX_LANGUAGE_STANDARD = "gnu++0x";
				CLANG_CXX_LIBRARY = "libc++";
				CLANG_ENABLE_MODULES = YES;
				CLANG_ENABLE_OBJC_ARC = YES;
				CLANG_WARN_BOOL_CONVERSION = YES;
				CLANG_WARN_CONSTANT_CONVERSION = YES;
				CLANG_WARN_DIRECT_OBJC_ISA_USAGE = YES_ERROR;
				CLANG_WARN_EMPTY_BODY = YES;
				CLANG_WARN_ENUM_CONVERSION = YES;
				CLANG_WARN_INT_CONVERSION = YES;
				CLANG_WARN_OBJC_ROOT_CLASS = YES_ERROR;
				CLANG_WARN_UNREACHABLE_CODE = YES;
				CLANG_WARN__DUPLICATE_METHOD_MATCH = YES;
				"CODE_SIGN_IDENTITY[sdk=iphoneos*]" = "iPhone Developer";
				COPY_PHASE_STRIP = NO;
				CURRENT_PROJECT_VERSION = 1;
				DEBUG_INFORMATION_FORMAT = dwarf;
				ENABLE_STRICT_OBJC_MSGSEND = YES;
				ENABLE_TESTABILITY = YES;
				GCC_C_LANGUAGE_STANDARD = gnu99;
				GCC_DYNAMIC_NO_PIC = NO;
				GCC_NO_COMMON_BLOCKS = YES;
				GCC_OPTIMIZATION_LEVEL = 0;
				GCC_PREPROCESSOR_DEFINITIONS = (
					"DEBUG=1",
					"$(inherited)",
				);
				GCC_WARN_64_TO_32_BIT_CONVERSION = YES;
				GCC_WARN_ABOUT_RETURN_TYPE = YES_ERROR;
				GCC_WARN_UNDECLARED_SELECTOR = YES;
				GCC_WARN_UNINITIALIZED_AUTOS = YES_AGGRESSIVE;
				GCC_WARN_UNUSED_FUNCTION = YES;
				GCC_WARN_UNUSED_VARIABLE = YES;
				IPHONEOS_DEPLOYMENT_TARGET = 9.3;
				MTL_ENABLE_DEBUG_INFO = YES;
				ONLY_ACTIVE_ARCH = YES;
				SDKROOT = iphoneos;
				SWIFT_OPTIMIZATION_LEVEL = "-Onone";
				TARGETED_DEVICE_FAMILY = "1,2";
				VERSIONING_SYSTEM = "apple-generic";
				VERSION_INFO_PREFIX = "";
			};
			name = Debug;
		};
		F4019F761CC680D7008E2414 /* Release */ = {
			isa = XCBuildConfiguration;
			buildSettings = {
				ALWAYS_SEARCH_USER_PATHS = NO;
				CLANG_ANALYZER_NONNULL = YES;
				CLANG_CXX_LANGUAGE_STANDARD = "gnu++0x";
				CLANG_CXX_LIBRARY = "libc++";
				CLANG_ENABLE_MODULES = YES;
				CLANG_ENABLE_OBJC_ARC = YES;
				CLANG_WARN_BOOL_CONVERSION = YES;
				CLANG_WARN_CONSTANT_CONVERSION = YES;
				CLANG_WARN_DIRECT_OBJC_ISA_USAGE = YES_ERROR;
				CLANG_WARN_EMPTY_BODY = YES;
				CLANG_WARN_ENUM_CONVERSION = YES;
				CLANG_WARN_INT_CONVERSION = YES;
				CLANG_WARN_OBJC_ROOT_CLASS = YES_ERROR;
				CLANG_WARN_UNREACHABLE_CODE = YES;
				CLANG_WARN__DUPLICATE_METHOD_MATCH = YES;
				"CODE_SIGN_IDENTITY[sdk=iphoneos*]" = "iPhone Developer";
				COPY_PHASE_STRIP = NO;
				CURRENT_PROJECT_VERSION = 1;
				DEBUG_INFORMATION_FORMAT = "dwarf-with-dsym";
				ENABLE_NS_ASSERTIONS = NO;
				ENABLE_STRICT_OBJC_MSGSEND = YES;
				GCC_C_LANGUAGE_STANDARD = gnu99;
				GCC_NO_COMMON_BLOCKS = YES;
				GCC_WARN_64_TO_32_BIT_CONVERSION = YES;
				GCC_WARN_ABOUT_RETURN_TYPE = YES_ERROR;
				GCC_WARN_UNDECLARED_SELECTOR = YES;
				GCC_WARN_UNINITIALIZED_AUTOS = YES_AGGRESSIVE;
				GCC_WARN_UNUSED_FUNCTION = YES;
				GCC_WARN_UNUSED_VARIABLE = YES;
				IPHONEOS_DEPLOYMENT_TARGET = 9.3;
				MTL_ENABLE_DEBUG_INFO = NO;
				SDKROOT = iphoneos;
				TARGETED_DEVICE_FAMILY = "1,2";
				VALIDATE_PRODUCT = YES;
				VERSIONING_SYSTEM = "apple-generic";
				VERSION_INFO_PREFIX = "";
			};
			name = Release;
		};
		F4019F781CC680D7008E2414 /* Debug */ = {
			isa = XCBuildConfiguration;
			buildSettings = {
				CLANG_ENABLE_MODULES = YES;
				DEFINES_MODULE = YES;
				DYLIB_COMPATIBILITY_VERSION = 1;
				DYLIB_CURRENT_VERSION = 1;
				DYLIB_INSTALL_NAME_BASE = "@rpath";
				INFOPLIST_FILE = Sandbox/Info.plist;
				INSTALL_PATH = "$(LOCAL_LIBRARY_DIR)/Frameworks";
				LD_RUNPATH_SEARCH_PATHS = "$(inherited) @executable_path/Frameworks @loader_path/Frameworks";
				PRODUCT_BUNDLE_IDENTIFIER = com.my.Sandbox;
				PRODUCT_NAME = "$(TARGET_NAME)";
				SKIP_INSTALL = YES;
				SWIFT_OPTIMIZATION_LEVEL = "-Onone";
			};
			name = Debug;
		};
		F4019F791CC680D7008E2414 /* Release */ = {
			isa = XCBuildConfiguration;
			buildSettings = {
				CLANG_ENABLE_MODULES = YES;
				DEFINES_MODULE = YES;
				DYLIB_COMPATIBILITY_VERSION = 1;
				DYLIB_CURRENT_VERSION = 1;
				DYLIB_INSTALL_NAME_BASE = "@rpath";
				INFOPLIST_FILE = Sandbox/Info.plist;
				INSTALL_PATH = "$(LOCAL_LIBRARY_DIR)/Frameworks";
				LD_RUNPATH_SEARCH_PATHS = "$(inherited) @executable_path/Frameworks @loader_path/Frameworks";
				PRODUCT_BUNDLE_IDENTIFIER = com.my.Sandbox;
				PRODUCT_NAME = "$(TARGET_NAME)";
				SKIP_INSTALL = YES;
			};
			name = Release;
		};
		F4019F891CC6B842008E2414 /* Debug */ = {
			isa = XCBuildConfiguration;
			buildSettings = {
				INFOPLIST_FILE = Tests/Info.plist;
				LD_RUNPATH_SEARCH_PATHS = "$(inherited) @executable_path/Frameworks @loader_path/Frameworks";
				PRODUCT_BUNDLE_IDENTIFIER = com.my.Tests;
				PRODUCT_NAME = "$(TARGET_NAME)";
			};
			name = Debug;
		};
		F4019F8A1CC6B842008E2414 /* Release */ = {
			isa = XCBuildConfiguration;
			buildSettings = {
				INFOPLIST_FILE = Tests/Info.plist;
				LD_RUNPATH_SEARCH_PATHS = "$(inherited) @executable_path/Frameworks @loader_path/Frameworks";
				PRODUCT_BUNDLE_IDENTIFIER = com.my.Tests;
				PRODUCT_NAME = "$(TARGET_NAME)";
			};
			name = Release;
		};
/* End XCBuildConfiguration section */

/* Begin XCConfigurationList section */
		F4019F691CC680D6008E2414 /* Build configuration list for PBXProject "Sandbox" */ = {
			isa = XCConfigurationList;
			buildConfigurations = (
				F4019F751CC680D7008E2414 /* Debug */,
				F4019F761CC680D7008E2414 /* Release */,
			);
			defaultConfigurationIsVisible = 0;
			defaultConfigurationName = Release;
		};
		F4019F771CC680D7008E2414 /* Build configuration list for PBXNativeTarget "Sandbox" */ = {
			isa = XCConfigurationList;
			buildConfigurations = (
				F4019F781CC680D7008E2414 /* Debug */,
				F4019F791CC680D7008E2414 /* Release */,
			);
			defaultConfigurationIsVisible = 0;
		};
		F4019F881CC6B842008E2414 /* Build configuration list for PBXNativeTarget "Tests" */ = {
			isa = XCConfigurationList;
			buildConfigurations = (
				F4019F891CC6B842008E2414 /* Debug */,
				F4019F8A1CC6B842008E2414 /* Release */,
			);
			defaultConfigurationIsVisible = 0;
		};
/* End XCConfigurationList section */
	};
	rootObject = F4019F661CC680D6008E2414 /* Project object */;
}
